
Microsoft Visual Studio Solution File, Format Version 12.00
# Visual Studio Version 17
VisualStudioVersion = 17.4.33403.182
MinimumVisualStudioVersion = 10.0.40219.1
Project("{9A19103F-16F7-4668-BE54-9A1E7A4F7556}") = "AspNetDemo", "AspNetDemo\AspNetDemo.csproj", "{547B8A34-8E3C-4558-B2F3-06FB5801714F}"
EndProject
Global
	GlobalSection(SolutionConfigurationPlatforms) = preSolution
		Debug|Any CPU = Debug|Any CPU
		Release|Any CPU = Release|Any CPU
	EndGlobalSection
	GlobalSection(ProjectConfigurationPlatforms) = postSolution
		{547B8A34-8E3C-4558-B2F3-06FB5801714F}.Debug|Any CPU.ActiveCfg = Debug|Any CPU
		{547B8A34-8E3C-4558-B2F3-06FB5801714F}.Debug|Any CPU.Build.0 = Debug|Any CPU
		{547B8A34-8E3C-4558-B2F3-06FB5801714F}.Release|Any CPU.ActiveCfg = Release|Any CPU
		{547B8A34-8E3C-4558-B2F3-06FB5801714F}.Release|Any CPU.Build.0 = Release|Any CPU
	EndGlobalSection
	GlobalSection(SolutionProperties) = preSolution
		HideSolutionNode = FALSE
	EndGlobalSection
	GlobalSection(ExtensibilityGlobals) = postSolution
		SolutionGuid = {CAB31CCC-65CC-4182-9474-0DEDE5C19399}
	EndGlobalSection
EndGlobal
